// !$*UTF8*$!
{
	archiveVersion = 1;
	classes = {
	};
	objectVersion = 50;
	objects = {

/* Begin PBXBuildFile section */
		BD64E1E722F12CBF00B59022 /* AppDelegate.swift in Sources */ = {isa = PBXBuildFile; fileRef = BD64E1E622F12CBF00B59022 /* AppDelegate.swift */; };
		BD64E1E922F12CBF00B59022 /* ViewController.swift in Sources */ = {isa = PBXBuildFile; fileRef = BD64E1E822F12CBF00B59022 /* ViewController.swift */; };
		BD64E1EC22F12CBF00B59022 /* Main.storyboard in Resources */ = {isa = PBXBuildFile; fileRef = BD64E1EA22F12CBF00B59022 /* Main.storyboard */; };
		BD64E1EE22F12CC000B59022 /* Assets.xcassets in Resources */ = {isa = PBXBuildFile; fileRef = BD64E1ED22F12CC000B59022 /* Assets.xcassets */; };
		BD64E1F122F12CC000B59022 /* LaunchScreen.storyboard in Resources */ = {isa = PBXBuildFile; fileRef = BD64E1EF22F12CC000B59022 /* LaunchScreen.storyboard */; };
		BD64E1F922F17C5500B59022 /* LoginViewController.swift in Sources */ = {isa = PBXBuildFile; fileRef = BD64E1F822F17C5500B59022 /* LoginViewController.swift */; };
/* End PBXBuildFile section */

/* Begin PBXFileReference section */
		BD64E1E322F12CBF00B59022 /* Day 12 - Login Animation.app */ = {isa = PBXFileReference; explicitFileType = wrapper.application; includeInIndex = 0; path = "Day 12 - Login Animation.app"; sourceTree = BUILT_PRODUCTS_DIR; };
		BD64E1E622F12CBF00B59022 /* AppDelegate.swift */ = {isa = PBXFileReference; lastKnownFileType = sourcecode.swift; path = AppDelegate.swift; sourceTree = "<group>"; };
		BD64E1E822F12CBF00B59022 /* ViewController.swift */ = {isa = PBXFileReference; lastKnownFileType = sourcecode.swift; path = ViewController.swift; sourceTree = "<group>"; };
		BD64E1EB22F12CBF00B59022 /* Base */ = {isa = PBXFileReference; lastKnownFileType = file.storyboard; name = Base; path = Base.lproj/Main.storyboard; sourceTree = "<group>"; };
		BD64E1ED22F12CC000B59022 /* Assets.xcassets */ = {isa = PBXFileReference; lastKnownFileType = folder.assetcatalog; path = Assets.xcassets; sourceTree = "<group>"; };
		BD64E1F022F12CC000B59022 /* Base */ = {isa = PBXFileReference; lastKnownFileType = file.storyboard; name = Base; path = Base.lproj/LaunchScreen.storyboard; sourceTree = "<group>"; };
		BD64E1F222F12CC000B59022 /* Info.plist */ = {isa = PBXFileReference; lastKnownFileType = text.plist.xml; path = Info.plist; sourceTree = "<group>"; };
		BD64E1F822F17C5500B59022 /* LoginViewController.swift */ = {isa = PBXFileReference; lastKnownFileType = sourcecode.swift; path = LoginViewController.swift; sourceTree = "<group>"; };
/* End PBXFileReference section */

/* Begin PBXFrameworksBuildPhase section */
		BD64E1E022F12CBF00B59022 /* Frameworks */ = {
			isa = PBXFrameworksBuildPhase;
			buildActionMask = 2147483647;
			files = (
			);
			runOnlyForDeploymentPostprocessing = 0;
		};
/* End PBXFrameworksBuildPhase section */

/* Begin PBXGroup section */
		BD64E1DA22F12CBF00B59022 = {
			isa = PBXGroup;
			children = (
				BD64E1E522F12CBF00B59022 /* Day 12 - Login Animation */,
				BD64E1E422F12CBF00B59022 /* Products */,
			);
			sourceTree = "<group>";
		};
		BD64E1E422F12CBF00B59022 /* Products */ = {
			isa = PBXGroup;
			children = (
				BD64E1E322F12CBF00B59022 /* Day 12 - Login Animation.app */,
			);
			name = Products;
			sourceTree = "<group>";
		};
		BD64E1E522F12CBF00B59022 /* Day 12 - Login Animation */ = {
			isa = PBXGroup;
			children = (
				BD64E1E622F12CBF00B59022 /* AppDelegate.swift */,
				BD64E1E822F12CBF00B59022 /* ViewController.swift */,
				BD64E1F822F17C5500B59022 /* LoginViewController.swift */,
				BD64E1EA22F12CBF00B59022 /* Main.storyboard */,
				BD64E1ED22F12CC000B59022 /* Assets.xcassets */,
				BD64E1EF22F12CC000B59022 /* LaunchScreen.storyboard */,
				BD64E1F222F12CC000B59022 /* Info.plist */,
			);
			path = "Day 12 - Login Animation";
			sourceTree = "<group>";
		};
/* End PBXGroup section */

/* Begin PBXNativeTarget section */
		BD64E1E222F12CBF00B59022 /* Day 12 - Login Animation */ = {
			isa = PBXNativeTarget;
			buildConfigurationList = BD64E1F522F12CC000B59022 /* Build configuration list for PBXNativeTarget "Day 12 - Login Animation" */;
			buildPhases = (
				BD64E1DF22F12CBF00B59022 /* Sources */,
				BD64E1E022F12CBF00B59022 /* Frameworks */,
				BD64E1E122F12CBF00B59022 /* Resources */,
			);
			buildRules = (
			);
			dependencies = (
			);
			name = "Day 12 - Login Animation";
			productName = "Day 12 - Login Animation";
			productReference = BD64E1E322F12CBF00B59022 /* Day 12 - Login Animation.app */;
			productType = "com.apple.product-type.application";
		};
/* End PBXNativeTarget section */

/* Begin PBXProject section */
		BD64E1DB22F12CBF00B59022 /* Project object */ = {
			isa = PBXProject;
			attributes = {
				LastSwiftUpdateCheck = 1020;
				LastUpgradeCheck = 1020;
				ORGANIZATIONNAME = gaoshilei;
				TargetAttributes = {
					BD64E1E222F12CBF00B59022 = {
						CreatedOnToolsVersion = 10.2.1;
					};
				};
			};
			buildConfigurationList = BD64E1DE22F12CBF00B59022 /* Build configuration list for PBXProject "Day 12 - Login Animation" */;
			compatibilityVersion = "Xcode 9.3";
			developmentRegion = en;
			hasScannedForEncodings = 0;
			knownRegions = (
				en,
				Base,
			);
			mainGroup = BD64E1DA22F12CBF00B59022;
			productRefGroup = BD64E1E422F12CBF00B59022 /* Products */;
			projectDirPath = "";
			projectRoot = "";
			targets = (
				BD64E1E222F12CBF00B59022 /* Day 12 - Login Animation */,
			);
		};
/* End PBXProject section */

/* Begin PBXResourcesBuildPhase section */
		BD64E1E122F12CBF00B59022 /* Resources */ = {
			isa = PBXResourcesBuildPhase;
			buildActionMask = 2147483647;
			files = (
				BD64E1F122F12CC000B59022 /* LaunchScreen.storyboard in Resources */,
				BD64E1EE22F12CC000B59022 /* Assets.xcassets in Resources */,
				BD64E1EC22F12CBF00B59022 /* Main.storyboard in Resources */,
			);
			runOnlyForDeploymentPostprocessing = 0;
		};
/* End PBXResourcesBuildPhase section */

/* Begin PBXSourcesBuildPhase section */
		BD64E1DF22F12CBF00B59022 /* Sources */ = {
			isa = PBXSourcesBuildPhase;
			buildActionMask = 2147483647;
			files = (
				BD64E1F922F17C5500B59022 /* LoginViewController.swift in Sources */,
				BD64E1E922F12CBF00B59022 /* ViewController.swift in Sources */,
				BD64E1E722F12CBF00B59022 /* AppDelegate.swift in Sources */,
			);
			runOnlyForDeploymentPostprocessing = 0;
		};
/* End PBXSourcesBuildPhase section */

/* Begin PBXVariantGroup section */
		BD64E1EA22F12CBF00B59022 /* Main.storyboard */ = {
			isa = PBXVariantGroup;
			children = (
				BD64E1EB22F12CBF00B59022 /* Base */,
			);
			name = Main.storyboard;
			sourceTree = "<group>";
		};
		BD64E1EF22F12CC000B59022 /* LaunchScreen.storyboard */ = {
			isa = PBXVariantGroup;
			children = (
				BD64E1F022F12CC000B59022 /* Base */,
			);
			name = LaunchScreen.storyboard;
			sourceTree = "<group>";
		};
/* End PBXVariantGroup section */

/* Begin XCBuildConfiguration section */
		BD64E1F322F12CC000B59022 /* Debug */ = {
			isa = XCBuildConfiguration;
			buildSettings = {
				ALWAYS_SEARCH_USER_PATHS = NO;
				CLANG_ANALYZER_NONNULL = YES;
				CLANG_ANALYZER_NUMBER_OBJECT_CONVERSION = YES_AGGRESSIVE;
				CLANG_CXX_LANGUAGE_STANDARD = "gnu++14";
				CLANG_CXX_LIBRARY = "libc++";
				CLANG_ENABLE_MODULES = YES;
				CLANG_ENABLE_OBJC_ARC = YES;
				CLANG_ENABLE_OBJC_WEAK = YES;
				CLANG_WARN_BLOCK_CAPTURE_AUTORELEASING = YES;
				CLANG_WARN_BOOL_CONVERSION = YES;
				CLANG_WARN_COMMA = YES;
				CLANG_WARN_CONSTANT_CONVERSION = YES;
				CLANG_WARN_DEPRECATED_OBJC_IMPLEMENTATIONS = YES;
				CLANG_WARN_DIRECT_OBJC_ISA_USAGE = YES_ERROR;
				CLANG_WARN_DOCUMENTATION_COMMENTS = YES;
				CLANG_WARN_EMPTY_BODY = YES;
				CLANG_WARN_ENUM_CONVERSION = YES;
				CLANG_WARN_INFINITE_RECURSION = YES;
				CLANG_WARN_INT_CONVERSION = YES;
				CLANG_WARN_NON_LITERAL_NULL_CONVERSION = YES;
				CLANG_WARN_OBJC_IMPLICIT_RETAIN_SELF = YES;
				CLANG_WARN_OBJC_LITERAL_CONVERSION = YES;
				CLANG_WARN_OBJC_ROOT_CLASS = YES_ERROR;
				CLANG_WARN_RANGE_LOOP_ANALYSIS = YES;
				CLANG_WARN_STRICT_PROTOTYPES = YES;
				CLANG_WARN_SUSPICIOUS_MOVE = YES;
				CLANG_WARN_UNGUARDED_AVAILABILITY = YES_AGGRESSIVE;
				CLANG_WARN_UNREACHABLE_CODE = YES;
				CLANG_WARN__DUPLICATE_METHOD_MATCH = YES;
				CODE_SIGN_IDENTITY = "iPhone Developer";
				COPY_PHASE_STRIP = NO;
				DEBUG_INFORMATION_FORMAT = dwarf;
				ENABLE_STRICT_OBJC_MSGSEND = YES;
				ENABLE_TESTABILITY = YES;
				GCC_C_LANGUAGE_STANDARD = gnu11;
				GCC_DYNAMIC_NO_PIC = NO;
				GCC_NO_COMMON_BLOCKS = YES;
				GCC_OPTIMIZATION_LEVEL = 0;
				GCC_PREPROCESSOR_DEFINITIONS = (
					"DEBUG=1",
					"$(inherited)",
				);
				GCC_WARN_64_TO_32_BIT_CONVERSION = YES;
				GCC_WARN_ABOUT_RETURN_TYPE = YES_ERROR;
				GCC_WARN_UNDECLARED_SELECTOR = YES;
				GCC_WARN_UNINITIALIZED_AUTOS = YES_AGGRESSIVE;
				GCC_WARN_UNUSED_FUNCTION = YES;
				GCC_WARN_UNUSED_VARIABLE = YES;
				IPHONEOS_DEPLOYMENT_TARGET = 12.2;
				MTL_ENABLE_DEBUG_INFO = INCLUDE_SOURCE;
				MTL_FAST_MATH = YES;
				ONLY_ACTIVE_ARCH = YES;
				SDKROOT = iphoneos;
				SWIFT_ACTIVE_COMPILATION_CONDITIONS = DEBUG;
				SWIFT_OPTIMIZATION_LEVEL = "-Onone";
			};
			name = Debug;
		};
		BD64E1F422F12CC000B59022 /* Release */ = {
			isa = XCBuildConfiguration;
			buildSettings = {
				ALWAYS_SEARCH_USER_PATHS = NO;
				CLANG_ANALYZER_NONNULL = YES;
				CLANG_ANALYZER_NUMBER_OBJECT_CONVERSION = YES_AGGRESSIVE;
				CLANG_CXX_LANGUAGE_STANDARD = "gnu++14";
				CLANG_CXX_LIBRARY = "libc++";
				CLANG_ENABLE_MODULES = YES;
				CLANG_ENABLE_OBJC_ARC = YES;
				CLANG_ENABLE_OBJC_WEAK = YES;
				CLANG_WARN_BLOCK_CAPTURE_AUTORELEASING = YES;
				CLANG_WARN_BOOL_CONVERSION = YES;
				CLANG_WARN_COMMA = YES;
				CLANG_WARN_CONSTANT_CONVERSION = YES;
				CLANG_WARN_DEPRECATED_OBJC_IMPLEMENTATIONS = YES;
				CLANG_WARN_DIRECT_OBJC_ISA_USAGE = YES_ERROR;
				CLANG_WARN_DOCUMENTATION_COMMENTS = YES;
				CLANG_WARN_EMPTY_BODY = YES;
				CLANG_WARN_ENUM_CONVERSION = YES;
				CLANG_WARN_INFINITE_RECURSION = YES;
				CLANG_WARN_INT_CONVERSION = YES;
				CLANG_WARN_NON_LITERAL_NULL_CONVERSION = YES;
				CLANG_WARN_OBJC_IMPLICIT_RETAIN_SELF = YES;
				CLANG_WARN_OBJC_LITERAL_CONVERSION = YES;
				CLANG_WARN_OBJC_ROOT_CLASS = YES_ERROR;
				CLANG_WARN_RANGE_LOOP_ANALYSIS = YES;
				CLANG_WARN_STRICT_PROTOTYPES = YES;
				CLANG_WARN_SUSPICIOUS_MOVE = YES;
				CLANG_WARN_UNGUARDED_AVAILABILITY = YES_AGGRESSIVE;
				CLANG_WARN_UNREACHABLE_CODE = YES;
				CLANG_WARN__DUPLICATE_METHOD_MATCH = YES;
				CODE_SIGN_IDENTITY = "iPhone Developer";
				COPY_PHASE_STRIP = NO;
				DEBUG_INFORMATION_FORMAT = "dwarf-with-dsym";
				ENABLE_NS_ASSERTIONS = NO;
				ENABLE_STRICT_OBJC_MSGSEND = YES;
				GCC_C_LANGUAGE_STANDARD = gnu11;
				GCC_NO_COMMON_BLOCKS = YES;
				GCC_WARN_64_TO_32_BIT_CONVERSION = YES;
				GCC_WARN_ABOUT_RETURN_TYPE = YES_ERROR;
				GCC_WARN_UNDECLARED_SELECTOR = YES;
				GCC_WARN_UNINITIALIZED_AUTOS = YES_AGGRESSIVE;
				GCC_WARN_UNUSED_FUNCTION = YES;
				GCC_WARN_UNUSED_VARIABLE = YES;
				IPHONEOS_DEPLOYMENT_TARGET = 12.2;
				MTL_ENABLE_DEBUG_INFO = NO;
				MTL_FAST_MATH = YES;
				SDKROOT = iphoneos;
				SWIFT_COMPILATION_MODE = wholemodule;
				SWIFT_OPTIMIZATION_LEVEL = "-O";
				VALIDATE_PRODUCT = YES;
			};
			name = Release;
		};
		BD64E1F622F12CC000B59022 /* Debug */ = {
			isa = XCBuildConfiguration;
			buildSettings = {
				ASSETCATALOG_COMPILER_APPICON_NAME = AppIcon;
				CODE_SIGN_STYLE = Automatic;
				DEVELOPMENT_TEAM = CRG7HB2Y74;
				INFOPLIST_FILE = "Day 12 - Login Animation/Info.plist";
				LD_RUNPATH_SEARCH_PATHS = (
					"$(inherited)",
					"@executable_path/Frameworks",
				);
				PRODUCT_BUNDLE_IDENTIFIER = "gaoshilei.Day-12---Login-Animation";
				PRODUCT_NAME = "$(TARGET_NAME)";
				SWIFT_VERSION = 5.0;
				TARGETED_DEVICE_FAMILY = "1,2";
			};
			name = Debug;
		};
		BD64E1F722F12CC000B59022 /* Release */ = {
			isa = XCBuildConfiguration;
			buildSettings = {
				ASSETCATALOG_COMPILER_APPICON_NAME = AppIcon;
				CODE_SIGN_STYLE = Automatic;
				DEVELOPMENT_TEAM = CRG7HB2Y74;
				INFOPLIST_FILE = "Day 12 - Login Animation/Info.plist";
				LD_RUNPATH_SEARCH_PATHS = (
					"$(inherited)",
					"@executable_path/Frameworks",
				);
				PRODUCT_BUNDLE_IDENTIFIER = "gaoshilei.Day-12---Login-Animation";
				PRODUCT_NAME = "$(TARGET_NAME)";
				SWIFT_VERSION = 5.0;
				TARGETED_DEVICE_FAMILY = "1,2";
			};
			name = Release;
		};
/* End XCBuildConfiguration section */

/* Begin XCConfigurationList section */
		BD64E1DE22F12CBF00B59022 /* Build configuration list for PBXProject "Day 12 - Login Animation" */ = {
			isa = XCConfigurationList;
			buildConfigurations = (
				BD64E1F322F12CC000B59022 /* Debug */,
				BD64E1F422F12CC000B59022 /* Release */,
			);
			defaultConfigurationIsVisible = 0;
			defaultConfigurationName = Release;
		};
		BD64E1F522F12CC000B59022 /* Build configuration list for PBXNativeTarget "Day 12 - Login Animation" */ = {
			isa = XCConfigurationList;
			buildConfigurations = (
				BD64E1F622F12CC000B59022 /* Debug */,
				BD64E1F722F12CC000B59022 /* Release */,
			);
			defaultConfigurationIsVisible = 0;
			defaultConfigurationName = Release;
		};
/* End XCConfigurationList section */
	};
	rootObject = BD64E1DB22F12CBF00B59022 /* Project object */;
}
