// !$*UTF8*$!
{
	archiveVersion = 1;
	classes = {
	};
	objectVersion = 50;
	objects = {

/* Begin PBXBuildFile section */
		BD59220122F7C6FA001A6598 /* AppDelegate.swift in Sources */ = {isa = PBXBuildFile; fileRef = BD59220022F7C6FA001A6598 /* AppDelegate.swift */; };
		BD59220322F7C6FA001A6598 /* ViewController.swift in Sources */ = {isa = PBXBuildFile; fileRef = BD59220222F7C6FA001A6598 /* ViewController.swift */; };
		BD59220622F7C6FA001A6598 /* Main.storyboard in Resources */ = {isa = PBXBuildFile; fileRef = BD59220422F7C6FA001A6598 /* Main.storyboard */; };
		BD59220822F7C6FB001A6598 /* Assets.xcassets in Resources */ = {isa = PBXBuildFile; fileRef = BD59220722F7C6FB001A6598 /* Assets.xcassets */; };
		BD59220B22F7C6FB001A6598 /* LaunchScreen.storyboard in Resources */ = {isa = PBXBuildFile; fileRef = BD59220922F7C6FB001A6598 /* LaunchScreen.storyboard */; };
		BD59221322F8054E001A6598 /* splash_bg.jpg in Resources */ = {isa = PBXBuildFile; fileRef = BD59221222F8054E001A6598 /* splash_bg.jpg */; };
/* End PBXBuildFile section */

/* Begin PBXFileReference section */
		BD5921FD22F7C6FA001A6598 /* Day 14 - Animated Splash.app */ = {isa = PBXFileReference; explicitFileType = wrapper.application; includeInIndex = 0; path = "Day 14 - Animated Splash.app"; sourceTree = BUILT_PRODUCTS_DIR; };
		BD59220022F7C6FA001A6598 /* AppDelegate.swift */ = {isa = PBXFileReference; lastKnownFileType = sourcecode.swift; path = AppDelegate.swift; sourceTree = "<group>"; };
		BD59220222F7C6FA001A6598 /* ViewController.swift */ = {isa = PBXFileReference; lastKnownFileType = sourcecode.swift; path = ViewController.swift; sourceTree = "<group>"; };
		BD59220522F7C6FA001A6598 /* Base */ = {isa = PBXFileReference; lastKnownFileType = file.storyboard; name = Base; path = Base.lproj/Main.storyboard; sourceTree = "<group>"; };
		BD59220722F7C6FB001A6598 /* Assets.xcassets */ = {isa = PBXFileReference; lastKnownFileType = folder.assetcatalog; path = Assets.xcassets; sourceTree = "<group>"; };
		BD59220A22F7C6FB001A6598 /* Base */ = {isa = PBXFileReference; lastKnownFileType = file.storyboard; name = Base; path = Base.lproj/LaunchScreen.storyboard; sourceTree = "<group>"; };
		BD59220C22F7C6FB001A6598 /* Info.plist */ = {isa = PBXFileReference; lastKnownFileType = text.plist.xml; path = Info.plist; sourceTree = "<group>"; };
		BD59221222F8054E001A6598 /* splash_bg.jpg */ = {isa = PBXFileReference; lastKnownFileType = image.jpeg; path = splash_bg.jpg; sourceTree = "<group>"; };
/* End PBXFileReference section */

/* Begin PBXFrameworksBuildPhase section */
		BD5921FA22F7C6FA001A6598 /* Frameworks */ = {
			isa = PBXFrameworksBuildPhase;
			buildActionMask = 2147483647;
			files = (
			);
			runOnlyForDeploymentPostprocessing = 0;
		};
/* End PBXFrameworksBuildPhase section */

/* Begin PBXGroup section */
		BD5921F422F7C6FA001A6598 = {
			isa = PBXGroup;
			children = (
				BD5921FF22F7C6FA001A6598 /* Day 14 - Animated Splash */,
				BD5921FE22F7C6FA001A6598 /* Products */,
			);
			sourceTree = "<group>";
		};
		BD5921FE22F7C6FA001A6598 /* Products */ = {
			isa = PBXGroup;
			children = (
				BD5921FD22F7C6FA001A6598 /* Day 14 - Animated Splash.app */,
			);
			name = Products;
			sourceTree = "<group>";
		};
		BD5921FF22F7C6FA001A6598 /* Day 14 - Animated Splash */ = {
			isa = PBXGroup;
			children = (
				BD59220022F7C6FA001A6598 /* AppDelegate.swift */,
				BD59220222F7C6FA001A6598 /* ViewController.swift */,
				BD59220422F7C6FA001A6598 /* Main.storyboard */,
				BD59221222F8054E001A6598 /* splash_bg.jpg */,
				BD59220722F7C6FB001A6598 /* Assets.xcassets */,
				BD59220922F7C6FB001A6598 /* LaunchScreen.storyboard */,
				BD59220C22F7C6FB001A6598 /* Info.plist */,
			);
			path = "Day 14 - Animated Splash";
			sourceTree = "<group>";
		};
/* End PBXGroup section */

/* Begin PBXNativeTarget section */
		BD5921FC22F7C6FA001A6598 /* Day 14 - Animated Splash */ = {
			isa = PBXNativeTarget;
			buildConfigurationList = BD59220F22F7C6FB001A6598 /* Build configuration list for PBXNativeTarget "Day 14 - Animated Splash" */;
			buildPhases = (
				BD5921F922F7C6FA001A6598 /* Sources */,
				BD5921FA22F7C6FA001A6598 /* Frameworks */,
				BD5921FB22F7C6FA001A6598 /* Resources */,
			);
			buildRules = (
			);
			dependencies = (
			);
			name = "Day 14 - Animated Splash";
			productName = "Day 14 - Animated Splash";
			productReference = BD5921FD22F7C6FA001A6598 /* Day 14 - Animated Splash.app */;
			productType = "com.apple.product-type.application";
		};
/* End PBXNativeTarget section */

/* Begin PBXProject section */
		BD5921F522F7C6FA001A6598 /* Project object */ = {
			isa = PBXProject;
			attributes = {
				LastSwiftUpdateCheck = 1020;
				LastUpgradeCheck = 1020;
				ORGANIZATIONNAME = gaoshilei;
				TargetAttributes = {
					BD5921FC22F7C6FA001A6598 = {
						CreatedOnToolsVersion = 10.2.1;
					};
				};
			};
			buildConfigurationList = BD5921F822F7C6FA001A6598 /* Build configuration list for PBXProject "Day 14 - Animated Splash" */;
			compatibilityVersion = "Xcode 9.3";
			developmentRegion = en;
			hasScannedForEncodings = 0;
			knownRegions = (
				en,
				Base,
			);
			mainGroup = BD5921F422F7C6FA001A6598;
			productRefGroup = BD5921FE22F7C6FA001A6598 /* Products */;
			projectDirPath = "";
			projectRoot = "";
			targets = (
				BD5921FC22F7C6FA001A6598 /* Day 14 - Animated Splash */,
			);
		};
/* End PBXProject section */

/* Begin PBXResourcesBuildPhase section */
		BD5921FB22F7C6FA001A6598 /* Resources */ = {
			isa = PBXResourcesBuildPhase;
			buildActionMask = 2147483647;
			files = (
				BD59220B22F7C6FB001A6598 /* LaunchScreen.storyboard in Resources */,
				BD59220822F7C6FB001A6598 /* Assets.xcassets in Resources */,
				BD59220622F7C6FA001A6598 /* Main.storyboard in Resources */,
				BD59221322F8054E001A6598 /* splash_bg.jpg in Resources */,
			);
			runOnlyForDeploymentPostprocessing = 0;
		};
/* End PBXResourcesBuildPhase section */

/* Begin PBXSourcesBuildPhase section */
		BD5921F922F7C6FA001A6598 /* Sources */ = {
			isa = PBXSourcesBuildPhase;
			buildActionMask = 2147483647;
			files = (
				BD59220322F7C6FA001A6598 /* ViewController.swift in Sources */,
				BD59220122F7C6FA001A6598 /* AppDelegate.swift in Sources */,
			);
			runOnlyForDeploymentPostprocessing = 0;
		};
/* End PBXSourcesBuildPhase section */

/* Begin PBXVariantGroup section */
		BD59220422F7C6FA001A6598 /* Main.storyboard */ = {
			isa = PBXVariantGroup;
			children = (
				BD59220522F7C6FA001A6598 /* Base */,
			);
			name = Main.storyboard;
			sourceTree = "<group>";
		};
		BD59220922F7C6FB001A6598 /* LaunchScreen.storyboard */ = {
			isa = PBXVariantGroup;
			children = (
				BD59220A22F7C6FB001A6598 /* Base */,
			);
			name = LaunchScreen.storyboard;
			sourceTree = "<group>";
		};
/* End PBXVariantGroup section */

/* Begin XCBuildConfiguration section */
		BD59220D22F7C6FB001A6598 /* Debug */ = {
			isa = XCBuildConfiguration;
			buildSettings = {
				ALWAYS_SEARCH_USER_PATHS = NO;
				CLANG_ANALYZER_NONNULL = YES;
				CLANG_ANALYZER_NUMBER_OBJECT_CONVERSION = YES_AGGRESSIVE;
				CLANG_CXX_LANGUAGE_STANDARD = "gnu++14";
				CLANG_CXX_LIBRARY = "libc++";
				CLANG_ENABLE_MODULES = YES;
				CLANG_ENABLE_OBJC_ARC = YES;
				CLANG_ENABLE_OBJC_WEAK = YES;
				CLANG_WARN_BLOCK_CAPTURE_AUTORELEASING = YES;
				CLANG_WARN_BOOL_CONVERSION = YES;
				CLANG_WARN_COMMA = YES;
				CLANG_WARN_CONSTANT_CONVERSION = YES;
				CLANG_WARN_DEPRECATED_OBJC_IMPLEMENTATIONS = YES;
				CLANG_WARN_DIRECT_OBJC_ISA_USAGE = YES_ERROR;
				CLANG_WARN_DOCUMENTATION_COMMENTS = YES;
				CLANG_WARN_EMPTY_BODY = YES;
				CLANG_WARN_ENUM_CONVERSION = YES;
				CLANG_WARN_INFINITE_RECURSION = YES;
				CLANG_WARN_INT_CONVERSION = YES;
				CLANG_WARN_NON_LITERAL_NULL_CONVERSION = YES;
				CLANG_WARN_OBJC_IMPLICIT_RETAIN_SELF = YES;
				CLANG_WARN_OBJC_LITERAL_CONVERSION = YES;
				CLANG_WARN_OBJC_ROOT_CLASS = YES_ERROR;
				CLANG_WARN_RANGE_LOOP_ANALYSIS = YES;
				CLANG_WARN_STRICT_PROTOTYPES = YES;
				CLANG_WARN_SUSPICIOUS_MOVE = YES;
				CLANG_WARN_UNGUARDED_AVAILABILITY = YES_AGGRESSIVE;
				CLANG_WARN_UNREACHABLE_CODE = YES;
				CLANG_WARN__DUPLICATE_METHOD_MATCH = YES;
				CODE_SIGN_IDENTITY = "iPhone Developer";
				COPY_PHASE_STRIP = NO;
				DEBUG_INFORMATION_FORMAT = dwarf;
				ENABLE_STRICT_OBJC_MSGSEND = YES;
				ENABLE_TESTABILITY = YES;
				GCC_C_LANGUAGE_STANDARD = gnu11;
				GCC_DYNAMIC_NO_PIC = NO;
				GCC_NO_COMMON_BLOCKS = YES;
				GCC_OPTIMIZATION_LEVEL = 0;
				GCC_PREPROCESSOR_DEFINITIONS = (
					"DEBUG=1",
					"$(inherited)",
				);
				GCC_WARN_64_TO_32_BIT_CONVERSION = YES;
				GCC_WARN_ABOUT_RETURN_TYPE = YES_ERROR;
				GCC_WARN_UNDECLARED_SELECTOR = YES;
				GCC_WARN_UNINITIALIZED_AUTOS = YES_AGGRESSIVE;
				GCC_WARN_UNUSED_FUNCTION = YES;
				GCC_WARN_UNUSED_VARIABLE = YES;
				IPHONEOS_DEPLOYMENT_TARGET = 12.2;
				MTL_ENABLE_DEBUG_INFO = INCLUDE_SOURCE;
				MTL_FAST_MATH = YES;
				ONLY_ACTIVE_ARCH = YES;
				SDKROOT = iphoneos;
				SWIFT_ACTIVE_COMPILATION_CONDITIONS = DEBUG;
				SWIFT_OPTIMIZATION_LEVEL = "-Onone";
			};
			name = Debug;
		};
		BD59220E22F7C6FB001A6598 /* Release */ = {
			isa = XCBuildConfiguration;
			buildSettings = {
				ALWAYS_SEARCH_USER_PATHS = NO;
				CLANG_ANALYZER_NONNULL = YES;
				CLANG_ANALYZER_NUMBER_OBJECT_CONVERSION = YES_AGGRESSIVE;
				CLANG_CXX_LANGUAGE_STANDARD = "gnu++14";
				CLANG_CXX_LIBRARY = "libc++";
				CLANG_ENABLE_MODULES = YES;
				CLANG_ENABLE_OBJC_ARC = YES;
				CLANG_ENABLE_OBJC_WEAK = YES;
				CLANG_WARN_BLOCK_CAPTURE_AUTORELEASING = YES;
				CLANG_WARN_BOOL_CONVERSION = YES;
				CLANG_WARN_COMMA = YES;
				CLANG_WARN_CONSTANT_CONVERSION = YES;
				CLANG_WARN_DEPRECATED_OBJC_IMPLEMENTATIONS = YES;
				CLANG_WARN_DIRECT_OBJC_ISA_USAGE = YES_ERROR;
				CLANG_WARN_DOCUMENTATION_COMMENTS = YES;
				CLANG_WARN_EMPTY_BODY = YES;
				CLANG_WARN_ENUM_CONVERSION = YES;
				CLANG_WARN_INFINITE_RECURSION = YES;
				CLANG_WARN_INT_CONVERSION = YES;
				CLANG_WARN_NON_LITERAL_NULL_CONVERSION = YES;
				CLANG_WARN_OBJC_IMPLICIT_RETAIN_SELF = YES;
				CLANG_WARN_OBJC_LITERAL_CONVERSION = YES;
				CLANG_WARN_OBJC_ROOT_CLASS = YES_ERROR;
				CLANG_WARN_RANGE_LOOP_ANALYSIS = YES;
				CLANG_WARN_STRICT_PROTOTYPES = YES;
				CLANG_WARN_SUSPICIOUS_MOVE = YES;
				CLANG_WARN_UNGUARDED_AVAILABILITY = YES_AGGRESSIVE;
				CLANG_WARN_UNREACHABLE_CODE = YES;
				CLANG_WARN__DUPLICATE_METHOD_MATCH = YES;
				CODE_SIGN_IDENTITY = "iPhone Developer";
				COPY_PHASE_STRIP = NO;
				DEBUG_INFORMATION_FORMAT = "dwarf-with-dsym";
				ENABLE_NS_ASSERTIONS = NO;
				ENABLE_STRICT_OBJC_MSGSEND = YES;
				GCC_C_LANGUAGE_STANDARD = gnu11;
				GCC_NO_COMMON_BLOCKS = YES;
				GCC_WARN_64_TO_32_BIT_CONVERSION = YES;
				GCC_WARN_ABOUT_RETURN_TYPE = YES_ERROR;
				GCC_WARN_UNDECLARED_SELECTOR = YES;
				GCC_WARN_UNINITIALIZED_AUTOS = YES_AGGRESSIVE;
				GCC_WARN_UNUSED_FUNCTION = YES;
				GCC_WARN_UNUSED_VARIABLE = YES;
				IPHONEOS_DEPLOYMENT_TARGET = 12.2;
				MTL_ENABLE_DEBUG_INFO = NO;
				MTL_FAST_MATH = YES;
				SDKROOT = iphoneos;
				SWIFT_COMPILATION_MODE = wholemodule;
				SWIFT_OPTIMIZATION_LEVEL = "-O";
				VALIDATE_PRODUCT = YES;
			};
			name = Release;
		};
		BD59221022F7C6FB001A6598 /* Debug */ = {
			isa = XCBuildConfiguration;
			buildSettings = {
				ASSETCATALOG_COMPILER_APPICON_NAME = AppIcon;
				CODE_SIGN_STYLE = Automatic;
				DEVELOPMENT_TEAM = CRG7HB2Y74;
				INFOPLIST_FILE = "Day 14 - Animated Splash/Info.plist";
				LD_RUNPATH_SEARCH_PATHS = (
					"$(inherited)",
					"@executable_path/Frameworks",
				);
				PRODUCT_BUNDLE_IDENTIFIER = "gaoshilei.Day-14---Animated-Splash";
				PRODUCT_NAME = "$(TARGET_NAME)";
				SWIFT_VERSION = 5.0;
				TARGETED_DEVICE_FAMILY = "1,2";
			};
			name = Debug;
		};
		BD59221122F7C6FB001A6598 /* Release */ = {
			isa = XCBuildConfiguration;
			buildSettings = {
				ASSETCATALOG_COMPILER_APPICON_NAME = AppIcon;
				CODE_SIGN_STYLE = Automatic;
				DEVELOPMENT_TEAM = CRG7HB2Y74;
				INFOPLIST_FILE = "Day 14 - Animated Splash/Info.plist";
				LD_RUNPATH_SEARCH_PATHS = (
					"$(inherited)",
					"@executable_path/Frameworks",
				);
				PRODUCT_BUNDLE_IDENTIFIER = "gaoshilei.Day-14---Animated-Splash";
				PRODUCT_NAME = "$(TARGET_NAME)";
				SWIFT_VERSION = 5.0;
				TARGETED_DEVICE_FAMILY = "1,2";
			};
			name = Release;
		};
/* End XCBuildConfiguration section */

/* Begin XCConfigurationList section */
		BD5921F822F7C6FA001A6598 /* Build configuration list for PBXProject "Day 14 - Animated Splash" */ = {
			isa = XCConfigurationList;
			buildConfigurations = (
				BD59220D22F7C6FB001A6598 /* Debug */,
				BD59220E22F7C6FB001A6598 /* Release */,
			);
			defaultConfigurationIsVisible = 0;
			defaultConfigurationName = Release;
		};
		BD59220F22F7C6FB001A6598 /* Build configuration list for PBXNativeTarget "Day 14 - Animated Splash" */ = {
			isa = XCConfigurationList;
			buildConfigurations = (
				BD59221022F7C6FB001A6598 /* Debug */,
				BD59221122F7C6FB001A6598 /* Release */,
			);
			defaultConfigurationIsVisible = 0;
			defaultConfigurationName = Release;
		};
/* End XCConfigurationList section */
	};
	rootObject = BD5921F522F7C6FA001A6598 /* Project object */;
}
