// !$*UTF8*$!
{
	archiveVersion = 1;
	classes = {
	};
	objectVersion = 50;
	objects = {

/* Begin PBXBuildFile section */
		BD64E20722F2D3A700B59022 /* AppDelegate.swift in Sources */ = {isa = PBXBuildFile; fileRef = BD64E20622F2D3A700B59022 /* AppDelegate.swift */; };
		BD64E20922F2D3A700B59022 /* ViewController.swift in Sources */ = {isa = PBXBuildFile; fileRef = BD64E20822F2D3A700B59022 /* ViewController.swift */; };
		BD64E20C22F2D3A700B59022 /* Main.storyboard in Resources */ = {isa = PBXBuildFile; fileRef = BD64E20A22F2D3A700B59022 /* Main.storyboard */; };
		BD64E20E22F2D3A800B59022 /* Assets.xcassets in Resources */ = {isa = PBXBuildFile; fileRef = BD64E20D22F2D3A800B59022 /* Assets.xcassets */; };
		BD64E21122F2D3A800B59022 /* LaunchScreen.storyboard in Resources */ = {isa = PBXBuildFile; fileRef = BD64E20F22F2D3A800B59022 /* LaunchScreen.storyboard */; };
		BD64E21922F2D66800B59022 /* moments.mp4 in Resources */ = {isa = PBXBuildFile; fileRef = BD64E21822F2D66800B59022 /* moments.mp4 */; };
		BD64E21B22F2D94000B59022 /* SplashVideoController.swift in Sources */ = {isa = PBXBuildFile; fileRef = BD64E21A22F2D94000B59022 /* SplashVideoController.swift */; };
/* End PBXBuildFile section */

/* Begin PBXFileReference section */
		BD64E20322F2D3A700B59022 /* Day 13 - Video Splash.app */ = {isa = PBXFileReference; explicitFileType = wrapper.application; includeInIndex = 0; path = "Day 13 - Video Splash.app"; sourceTree = BUILT_PRODUCTS_DIR; };
		BD64E20622F2D3A700B59022 /* AppDelegate.swift */ = {isa = PBXFileReference; lastKnownFileType = sourcecode.swift; path = AppDelegate.swift; sourceTree = "<group>"; };
		BD64E20822F2D3A700B59022 /* ViewController.swift */ = {isa = PBXFileReference; lastKnownFileType = sourcecode.swift; path = ViewController.swift; sourceTree = "<group>"; };
		BD64E20B22F2D3A700B59022 /* Base */ = {isa = PBXFileReference; lastKnownFileType = file.storyboard; name = Base; path = Base.lproj/Main.storyboard; sourceTree = "<group>"; };
		BD64E20D22F2D3A800B59022 /* Assets.xcassets */ = {isa = PBXFileReference; lastKnownFileType = folder.assetcatalog; path = Assets.xcassets; sourceTree = "<group>"; };
		BD64E21022F2D3A800B59022 /* Base */ = {isa = PBXFileReference; lastKnownFileType = file.storyboard; name = Base; path = Base.lproj/LaunchScreen.storyboard; sourceTree = "<group>"; };
		BD64E21222F2D3A800B59022 /* Info.plist */ = {isa = PBXFileReference; lastKnownFileType = text.plist.xml; path = Info.plist; sourceTree = "<group>"; };
		BD64E21822F2D66800B59022 /* moments.mp4 */ = {isa = PBXFileReference; lastKnownFileType = file; path = moments.mp4; sourceTree = "<group>"; };
		BD64E21A22F2D94000B59022 /* SplashVideoController.swift */ = {isa = PBXFileReference; lastKnownFileType = sourcecode.swift; path = SplashVideoController.swift; sourceTree = "<group>"; };
/* End PBXFileReference section */

/* Begin PBXFrameworksBuildPhase section */
		BD64E20022F2D3A700B59022 /* Frameworks */ = {
			isa = PBXFrameworksBuildPhase;
			buildActionMask = 2147483647;
			files = (
			);
			runOnlyForDeploymentPostprocessing = 0;
		};
/* End PBXFrameworksBuildPhase section */

/* Begin PBXGroup section */
		BD64E1FA22F2D3A700B59022 = {
			isa = PBXGroup;
			children = (
				BD64E20522F2D3A700B59022 /* Day 13 - Video Splash */,
				BD64E20422F2D3A700B59022 /* Products */,
			);
			sourceTree = "<group>";
		};
		BD64E20422F2D3A700B59022 /* Products */ = {
			isa = PBXGroup;
			children = (
				BD64E20322F2D3A700B59022 /* Day 13 - Video Splash.app */,
			);
			name = Products;
			sourceTree = "<group>";
		};
		BD64E20522F2D3A700B59022 /* Day 13 - Video Splash */ = {
			isa = PBXGroup;
			children = (
				BD64E20622F2D3A700B59022 /* AppDelegate.swift */,
				BD64E20822F2D3A700B59022 /* ViewController.swift */,
				BD64E21A22F2D94000B59022 /* SplashVideoController.swift */,
				BD64E20A22F2D3A700B59022 /* Main.storyboard */,
				BD64E20D22F2D3A800B59022 /* Assets.xcassets */,
				BD64E21822F2D66800B59022 /* moments.mp4 */,
				BD64E20F22F2D3A800B59022 /* LaunchScreen.storyboard */,
				BD64E21222F2D3A800B59022 /* Info.plist */,
			);
			path = "Day 13 - Video Splash";
			sourceTree = "<group>";
		};
/* End PBXGroup section */

/* Begin PBXNativeTarget section */
		BD64E20222F2D3A700B59022 /* Day 13 - Video Splash */ = {
			isa = PBXNativeTarget;
			buildConfigurationList = BD64E21522F2D3A800B59022 /* Build configuration list for PBXNativeTarget "Day 13 - Video Splash" */;
			buildPhases = (
				BD64E1FF22F2D3A700B59022 /* Sources */,
				BD64E20022F2D3A700B59022 /* Frameworks */,
				BD64E20122F2D3A700B59022 /* Resources */,
			);
			buildRules = (
			);
			dependencies = (
			);
			name = "Day 13 - Video Splash";
			productName = "Day 13 - Video Splash";
			productReference = BD64E20322F2D3A700B59022 /* Day 13 - Video Splash.app */;
			productType = "com.apple.product-type.application";
		};
/* End PBXNativeTarget section */

/* Begin PBXProject section */
		BD64E1FB22F2D3A700B59022 /* Project object */ = {
			isa = PBXProject;
			attributes = {
				LastSwiftUpdateCheck = 1020;
				LastUpgradeCheck = 1020;
				ORGANIZATIONNAME = gaoshilei;
				TargetAttributes = {
					BD64E20222F2D3A700B59022 = {
						CreatedOnToolsVersion = 10.2.1;
					};
				};
			};
			buildConfigurationList = BD64E1FE22F2D3A700B59022 /* Build configuration list for PBXProject "Day 13 - Video Splash" */;
			compatibilityVersion = "Xcode 9.3";
			developmentRegion = en;
			hasScannedForEncodings = 0;
			knownRegions = (
				en,
				Base,
			);
			mainGroup = BD64E1FA22F2D3A700B59022;
			productRefGroup = BD64E20422F2D3A700B59022 /* Products */;
			projectDirPath = "";
			projectRoot = "";
			targets = (
				BD64E20222F2D3A700B59022 /* Day 13 - Video Splash */,
			);
		};
/* End PBXProject section */

/* Begin PBXResourcesBuildPhase section */
		BD64E20122F2D3A700B59022 /* Resources */ = {
			isa = PBXResourcesBuildPhase;
			buildActionMask = 2147483647;
			files = (
				BD64E21122F2D3A800B59022 /* LaunchScreen.storyboard in Resources */,
				BD64E21922F2D66800B59022 /* moments.mp4 in Resources */,
				BD64E20E22F2D3A800B59022 /* Assets.xcassets in Resources */,
				BD64E20C22F2D3A700B59022 /* Main.storyboard in Resources */,
			);
			runOnlyForDeploymentPostprocessing = 0;
		};
/* End PBXResourcesBuildPhase section */

/* Begin PBXSourcesBuildPhase section */
		BD64E1FF22F2D3A700B59022 /* Sources */ = {
			isa = PBXSourcesBuildPhase;
			buildActionMask = 2147483647;
			files = (
				BD64E21B22F2D94000B59022 /* SplashVideoController.swift in Sources */,
				BD64E20922F2D3A700B59022 /* ViewController.swift in Sources */,
				BD64E20722F2D3A700B59022 /* AppDelegate.swift in Sources */,
			);
			runOnlyForDeploymentPostprocessing = 0;
		};
/* End PBXSourcesBuildPhase section */

/* Begin PBXVariantGroup section */
		BD64E20A22F2D3A700B59022 /* Main.storyboard */ = {
			isa = PBXVariantGroup;
			children = (
				BD64E20B22F2D3A700B59022 /* Base */,
			);
			name = Main.storyboard;
			sourceTree = "<group>";
		};
		BD64E20F22F2D3A800B59022 /* LaunchScreen.storyboard */ = {
			isa = PBXVariantGroup;
			children = (
				BD64E21022F2D3A800B59022 /* Base */,
			);
			name = LaunchScreen.storyboard;
			sourceTree = "<group>";
		};
/* End PBXVariantGroup section */

/* Begin XCBuildConfiguration section */
		BD64E21322F2D3A800B59022 /* Debug */ = {
			isa = XCBuildConfiguration;
			buildSettings = {
				ALWAYS_SEARCH_USER_PATHS = NO;
				CLANG_ANALYZER_NONNULL = YES;
				CLANG_ANALYZER_NUMBER_OBJECT_CONVERSION = YES_AGGRESSIVE;
				CLANG_CXX_LANGUAGE_STANDARD = "gnu++14";
				CLANG_CXX_LIBRARY = "libc++";
				CLANG_ENABLE_MODULES = YES;
				CLANG_ENABLE_OBJC_ARC = YES;
				CLANG_ENABLE_OBJC_WEAK = YES;
				CLANG_WARN_BLOCK_CAPTURE_AUTORELEASING = YES;
				CLANG_WARN_BOOL_CONVERSION = YES;
				CLANG_WARN_COMMA = YES;
				CLANG_WARN_CONSTANT_CONVERSION = YES;
				CLANG_WARN_DEPRECATED_OBJC_IMPLEMENTATIONS = YES;
				CLANG_WARN_DIRECT_OBJC_ISA_USAGE = YES_ERROR;
				CLANG_WARN_DOCUMENTATION_COMMENTS = YES;
				CLANG_WARN_EMPTY_BODY = YES;
				CLANG_WARN_ENUM_CONVERSION = YES;
				CLANG_WARN_INFINITE_RECURSION = YES;
				CLANG_WARN_INT_CONVERSION = YES;
				CLANG_WARN_NON_LITERAL_NULL_CONVERSION = YES;
				CLANG_WARN_OBJC_IMPLICIT_RETAIN_SELF = YES;
				CLANG_WARN_OBJC_LITERAL_CONVERSION = YES;
				CLANG_WARN_OBJC_ROOT_CLASS = YES_ERROR;
				CLANG_WARN_RANGE_LOOP_ANALYSIS = YES;
				CLANG_WARN_STRICT_PROTOTYPES = YES;
				CLANG_WARN_SUSPICIOUS_MOVE = YES;
				CLANG_WARN_UNGUARDED_AVAILABILITY = YES_AGGRESSIVE;
				CLANG_WARN_UNREACHABLE_CODE = YES;
				CLANG_WARN__DUPLICATE_METHOD_MATCH = YES;
				CODE_SIGN_IDENTITY = "iPhone Developer";
				COPY_PHASE_STRIP = NO;
				DEBUG_INFORMATION_FORMAT = dwarf;
				ENABLE_STRICT_OBJC_MSGSEND = YES;
				ENABLE_TESTABILITY = YES;
				GCC_C_LANGUAGE_STANDARD = gnu11;
				GCC_DYNAMIC_NO_PIC = NO;
				GCC_NO_COMMON_BLOCKS = YES;
				GCC_OPTIMIZATION_LEVEL = 0;
				GCC_PREPROCESSOR_DEFINITIONS = (
					"DEBUG=1",
					"$(inherited)",
				);
				GCC_WARN_64_TO_32_BIT_CONVERSION = YES;
				GCC_WARN_ABOUT_RETURN_TYPE = YES_ERROR;
				GCC_WARN_UNDECLARED_SELECTOR = YES;
				GCC_WARN_UNINITIALIZED_AUTOS = YES_AGGRESSIVE;
				GCC_WARN_UNUSED_FUNCTION = YES;
				GCC_WARN_UNUSED_VARIABLE = YES;
				IPHONEOS_DEPLOYMENT_TARGET = 12.2;
				MTL_ENABLE_DEBUG_INFO = INCLUDE_SOURCE;
				MTL_FAST_MATH = YES;
				ONLY_ACTIVE_ARCH = YES;
				SDKROOT = iphoneos;
				SWIFT_ACTIVE_COMPILATION_CONDITIONS = DEBUG;
				SWIFT_OPTIMIZATION_LEVEL = "-Onone";
			};
			name = Debug;
		};
		BD64E21422F2D3A800B59022 /* Release */ = {
			isa = XCBuildConfiguration;
			buildSettings = {
				ALWAYS_SEARCH_USER_PATHS = NO;
				CLANG_ANALYZER_NONNULL = YES;
				CLANG_ANALYZER_NUMBER_OBJECT_CONVERSION = YES_AGGRESSIVE;
				CLANG_CXX_LANGUAGE_STANDARD = "gnu++14";
				CLANG_CXX_LIBRARY = "libc++";
				CLANG_ENABLE_MODULES = YES;
				CLANG_ENABLE_OBJC_ARC = YES;
				CLANG_ENABLE_OBJC_WEAK = YES;
				CLANG_WARN_BLOCK_CAPTURE_AUTORELEASING = YES;
				CLANG_WARN_BOOL_CONVERSION = YES;
				CLANG_WARN_COMMA = YES;
				CLANG_WARN_CONSTANT_CONVERSION = YES;
				CLANG_WARN_DEPRECATED_OBJC_IMPLEMENTATIONS = YES;
				CLANG_WARN_DIRECT_OBJC_ISA_USAGE = YES_ERROR;
				CLANG_WARN_DOCUMENTATION_COMMENTS = YES;
				CLANG_WARN_EMPTY_BODY = YES;
				CLANG_WARN_ENUM_CONVERSION = YES;
				CLANG_WARN_INFINITE_RECURSION = YES;
				CLANG_WARN_INT_CONVERSION = YES;
				CLANG_WARN_NON_LITERAL_NULL_CONVERSION = YES;
				CLANG_WARN_OBJC_IMPLICIT_RETAIN_SELF = YES;
				CLANG_WARN_OBJC_LITERAL_CONVERSION = YES;
				CLANG_WARN_OBJC_ROOT_CLASS = YES_ERROR;
				CLANG_WARN_RANGE_LOOP_ANALYSIS = YES;
				CLANG_WARN_STRICT_PROTOTYPES = YES;
				CLANG_WARN_SUSPICIOUS_MOVE = YES;
				CLANG_WARN_UNGUARDED_AVAILABILITY = YES_AGGRESSIVE;
				CLANG_WARN_UNREACHABLE_CODE = YES;
				CLANG_WARN__DUPLICATE_METHOD_MATCH = YES;
				CODE_SIGN_IDENTITY = "iPhone Developer";
				COPY_PHASE_STRIP = NO;
				DEBUG_INFORMATION_FORMAT = "dwarf-with-dsym";
				ENABLE_NS_ASSERTIONS = NO;
				ENABLE_STRICT_OBJC_MSGSEND = YES;
				GCC_C_LANGUAGE_STANDARD = gnu11;
				GCC_NO_COMMON_BLOCKS = YES;
				GCC_WARN_64_TO_32_BIT_CONVERSION = YES;
				GCC_WARN_ABOUT_RETURN_TYPE = YES_ERROR;
				GCC_WARN_UNDECLARED_SELECTOR = YES;
				GCC_WARN_UNINITIALIZED_AUTOS = YES_AGGRESSIVE;
				GCC_WARN_UNUSED_FUNCTION = YES;
				GCC_WARN_UNUSED_VARIABLE = YES;
				IPHONEOS_DEPLOYMENT_TARGET = 12.2;
				MTL_ENABLE_DEBUG_INFO = NO;
				MTL_FAST_MATH = YES;
				SDKROOT = iphoneos;
				SWIFT_COMPILATION_MODE = wholemodule;
				SWIFT_OPTIMIZATION_LEVEL = "-O";
				VALIDATE_PRODUCT = YES;
			};
			name = Release;
		};
		BD64E21622F2D3A800B59022 /* Debug */ = {
			isa = XCBuildConfiguration;
			buildSettings = {
				ASSETCATALOG_COMPILER_APPICON_NAME = AppIcon;
				CODE_SIGN_STYLE = Automatic;
				DEVELOPMENT_TEAM = CRG7HB2Y74;
				INFOPLIST_FILE = "Day 13 - Video Splash/Info.plist";
				LD_RUNPATH_SEARCH_PATHS = (
					"$(inherited)",
					"@executable_path/Frameworks",
				);
				PRODUCT_BUNDLE_IDENTIFIER = "gaoshilei.Day-13---Video-Splash";
				PRODUCT_NAME = "$(TARGET_NAME)";
				SWIFT_VERSION = 5.0;
				TARGETED_DEVICE_FAMILY = "1,2";
			};
			name = Debug;
		};
		BD64E21722F2D3A800B59022 /* Release */ = {
			isa = XCBuildConfiguration;
			buildSettings = {
				ASSETCATALOG_COMPILER_APPICON_NAME = AppIcon;
				CODE_SIGN_STYLE = Automatic;
				DEVELOPMENT_TEAM = CRG7HB2Y74;
				INFOPLIST_FILE = "Day 13 - Video Splash/Info.plist";
				LD_RUNPATH_SEARCH_PATHS = (
					"$(inherited)",
					"@executable_path/Frameworks",
				);
				PRODUCT_BUNDLE_IDENTIFIER = "gaoshilei.Day-13---Video-Splash";
				PRODUCT_NAME = "$(TARGET_NAME)";
				SWIFT_VERSION = 5.0;
				TARGETED_DEVICE_FAMILY = "1,2";
			};
			name = Release;
		};
/* End XCBuildConfiguration section */

/* Begin XCConfigurationList section */
		BD64E1FE22F2D3A700B59022 /* Build configuration list for PBXProject "Day 13 - Video Splash" */ = {
			isa = XCConfigurationList;
			buildConfigurations = (
				BD64E21322F2D3A800B59022 /* Debug */,
				BD64E21422F2D3A800B59022 /* Release */,
			);
			defaultConfigurationIsVisible = 0;
			defaultConfigurationName = Release;
		};
		BD64E21522F2D3A800B59022 /* Build configuration list for PBXNativeTarget "Day 13 - Video Splash" */ = {
			isa = XCConfigurationList;
			buildConfigurations = (
				BD64E21622F2D3A800B59022 /* Debug */,
				BD64E21722F2D3A800B59022 /* Release */,
			);
			defaultConfigurationIsVisible = 0;
			defaultConfigurationName = Release;
		};
/* End XCConfigurationList section */
	};
	rootObject = BD64E1FB22F2D3A700B59022 /* Project object */;
}
