// !$*UTF8*$!
{
	archiveVersion = 1;
	classes = {
	};
	objectVersion = 50;
	objects = {

/* Begin PBXBuildFile section */
		BD4E86A622F0210500D08664 /* AppDelegate.swift in Sources */ = {isa = PBXBuildFile; fileRef = BD4E86A522F0210500D08664 /* AppDelegate.swift */; };
		BD4E86A822F0210500D08664 /* ViewController.swift in Sources */ = {isa = PBXBuildFile; fileRef = BD4E86A722F0210500D08664 /* ViewController.swift */; };
		BD4E86AB22F0210500D08664 /* Main.storyboard in Resources */ = {isa = PBXBuildFile; fileRef = BD4E86A922F0210500D08664 /* Main.storyboard */; };
		BD4E86AD22F0210600D08664 /* Assets.xcassets in Resources */ = {isa = PBXBuildFile; fileRef = BD4E86AC22F0210600D08664 /* Assets.xcassets */; };
		BD4E86B022F0210600D08664 /* LaunchScreen.storyboard in Resources */ = {isa = PBXBuildFile; fileRef = BD4E86AE22F0210600D08664 /* LaunchScreen.storyboard */; };
		BD4E86C822F0989800D08664 /* animateCell.swift in Sources */ = {isa = PBXBuildFile; fileRef = BD4E86C722F0989800D08664 /* animateCell.swift */; };
/* End PBXBuildFile section */

/* Begin PBXFileReference section */
		BD4E86A222F0210500D08664 /* Day 11 - Animate TableViewCell.app */ = {isa = PBXFileReference; explicitFileType = wrapper.application; includeInIndex = 0; path = "Day 11 - Animate TableViewCell.app"; sourceTree = BUILT_PRODUCTS_DIR; };
		BD4E86A522F0210500D08664 /* AppDelegate.swift */ = {isa = PBXFileReference; lastKnownFileType = sourcecode.swift; path = AppDelegate.swift; sourceTree = "<group>"; };
		BD4E86A722F0210500D08664 /* ViewController.swift */ = {isa = PBXFileReference; lastKnownFileType = sourcecode.swift; path = ViewController.swift; sourceTree = "<group>"; };
		BD4E86AA22F0210500D08664 /* Base */ = {isa = PBXFileReference; lastKnownFileType = file.storyboard; name = Base; path = Base.lproj/Main.storyboard; sourceTree = "<group>"; };
		BD4E86AC22F0210600D08664 /* Assets.xcassets */ = {isa = PBXFileReference; lastKnownFileType = folder.assetcatalog; path = Assets.xcassets; sourceTree = "<group>"; };
		BD4E86AF22F0210600D08664 /* Base */ = {isa = PBXFileReference; lastKnownFileType = file.storyboard; name = Base; path = Base.lproj/LaunchScreen.storyboard; sourceTree = "<group>"; };
		BD4E86B122F0210600D08664 /* Info.plist */ = {isa = PBXFileReference; lastKnownFileType = text.plist.xml; path = Info.plist; sourceTree = "<group>"; };
		BD4E86C722F0989800D08664 /* animateCell.swift */ = {isa = PBXFileReference; lastKnownFileType = sourcecode.swift; path = animateCell.swift; sourceTree = "<group>"; };
/* End PBXFileReference section */

/* Begin PBXFrameworksBuildPhase section */
		BD4E869F22F0210500D08664 /* Frameworks */ = {
			isa = PBXFrameworksBuildPhase;
			buildActionMask = 2147483647;
			files = (
			);
			runOnlyForDeploymentPostprocessing = 0;
		};
/* End PBXFrameworksBuildPhase section */

/* Begin PBXGroup section */
		BD4E869922F0210500D08664 = {
			isa = PBXGroup;
			children = (
				BD4E86A422F0210500D08664 /* Day 11 - Animate TableViewCell */,
				BD4E86A322F0210500D08664 /* Products */,
			);
			sourceTree = "<group>";
		};
		BD4E86A322F0210500D08664 /* Products */ = {
			isa = PBXGroup;
			children = (
				BD4E86A222F0210500D08664 /* Day 11 - Animate TableViewCell.app */,
			);
			name = Products;
			sourceTree = "<group>";
		};
		BD4E86A422F0210500D08664 /* Day 11 - Animate TableViewCell */ = {
			isa = PBXGroup;
			children = (
				BD4E86A522F0210500D08664 /* AppDelegate.swift */,
				BD4E86A722F0210500D08664 /* ViewController.swift */,
				BD4E86C722F0989800D08664 /* animateCell.swift */,
				BD4E86A922F0210500D08664 /* Main.storyboard */,
				BD4E86AC22F0210600D08664 /* Assets.xcassets */,
				BD4E86AE22F0210600D08664 /* LaunchScreen.storyboard */,
				BD4E86B122F0210600D08664 /* Info.plist */,
			);
			path = "Day 11 - Animate TableViewCell";
			sourceTree = "<group>";
		};
/* End PBXGroup section */

/* Begin PBXNativeTarget section */
		BD4E86A122F0210500D08664 /* Day 11 - Animate TableViewCell */ = {
			isa = PBXNativeTarget;
			buildConfigurationList = BD4E86B422F0210600D08664 /* Build configuration list for PBXNativeTarget "Day 11 - Animate TableViewCell" */;
			buildPhases = (
				BD4E869E22F0210500D08664 /* Sources */,
				BD4E869F22F0210500D08664 /* Frameworks */,
				BD4E86A022F0210500D08664 /* Resources */,
			);
			buildRules = (
			);
			dependencies = (
			);
			name = "Day 11 - Animate TableViewCell";
			productName = "Day 11 - Animate TableViewCell";
			productReference = BD4E86A222F0210500D08664 /* Day 11 - Animate TableViewCell.app */;
			productType = "com.apple.product-type.application";
		};
/* End PBXNativeTarget section */

/* Begin PBXProject section */
		BD4E869A22F0210500D08664 /* Project object */ = {
			isa = PBXProject;
			attributes = {
				LastSwiftUpdateCheck = 1020;
				LastUpgradeCheck = 1020;
				ORGANIZATIONNAME = gaoshilei;
				TargetAttributes = {
					BD4E86A122F0210500D08664 = {
						CreatedOnToolsVersion = 10.2.1;
					};
				};
			};
			buildConfigurationList = BD4E869D22F0210500D08664 /* Build configuration list for PBXProject "Day 11 - Animate TableViewCell" */;
			compatibilityVersion = "Xcode 9.3";
			developmentRegion = en;
			hasScannedForEncodings = 0;
			knownRegions = (
				en,
				Base,
			);
			mainGroup = BD4E869922F0210500D08664;
			productRefGroup = BD4E86A322F0210500D08664 /* Products */;
			projectDirPath = "";
			projectRoot = "";
			targets = (
				BD4E86A122F0210500D08664 /* Day 11 - Animate TableViewCell */,
			);
		};
/* End PBXProject section */

/* Begin PBXResourcesBuildPhase section */
		BD4E86A022F0210500D08664 /* Resources */ = {
			isa = PBXResourcesBuildPhase;
			buildActionMask = 2147483647;
			files = (
				BD4E86B022F0210600D08664 /* LaunchScreen.storyboard in Resources */,
				BD4E86AD22F0210600D08664 /* Assets.xcassets in Resources */,
				BD4E86AB22F0210500D08664 /* Main.storyboard in Resources */,
			);
			runOnlyForDeploymentPostprocessing = 0;
		};
/* End PBXResourcesBuildPhase section */

/* Begin PBXSourcesBuildPhase section */
		BD4E869E22F0210500D08664 /* Sources */ = {
			isa = PBXSourcesBuildPhase;
			buildActionMask = 2147483647;
			files = (
				BD4E86A822F0210500D08664 /* ViewController.swift in Sources */,
				BD4E86A622F0210500D08664 /* AppDelegate.swift in Sources */,
				BD4E86C822F0989800D08664 /* animateCell.swift in Sources */,
			);
			runOnlyForDeploymentPostprocessing = 0;
		};
/* End PBXSourcesBuildPhase section */

/* Begin PBXVariantGroup section */
		BD4E86A922F0210500D08664 /* Main.storyboard */ = {
			isa = PBXVariantGroup;
			children = (
				BD4E86AA22F0210500D08664 /* Base */,
			);
			name = Main.storyboard;
			sourceTree = "<group>";
		};
		BD4E86AE22F0210600D08664 /* LaunchScreen.storyboard */ = {
			isa = PBXVariantGroup;
			children = (
				BD4E86AF22F0210600D08664 /* Base */,
			);
			name = LaunchScreen.storyboard;
			sourceTree = "<group>";
		};
/* End PBXVariantGroup section */

/* Begin XCBuildConfiguration section */
		BD4E86B222F0210600D08664 /* Debug */ = {
			isa = XCBuildConfiguration;
			buildSettings = {
				ALWAYS_SEARCH_USER_PATHS = NO;
				CLANG_ANALYZER_NONNULL = YES;
				CLANG_ANALYZER_NUMBER_OBJECT_CONVERSION = YES_AGGRESSIVE;
				CLANG_CXX_LANGUAGE_STANDARD = "gnu++14";
				CLANG_CXX_LIBRARY = "libc++";
				CLANG_ENABLE_MODULES = YES;
				CLANG_ENABLE_OBJC_ARC = YES;
				CLANG_ENABLE_OBJC_WEAK = YES;
				CLANG_WARN_BLOCK_CAPTURE_AUTORELEASING = YES;
				CLANG_WARN_BOOL_CONVERSION = YES;
				CLANG_WARN_COMMA = YES;
				CLANG_WARN_CONSTANT_CONVERSION = YES;
				CLANG_WARN_DEPRECATED_OBJC_IMPLEMENTATIONS = YES;
				CLANG_WARN_DIRECT_OBJC_ISA_USAGE = YES_ERROR;
				CLANG_WARN_DOCUMENTATION_COMMENTS = YES;
				CLANG_WARN_EMPTY_BODY = YES;
				CLANG_WARN_ENUM_CONVERSION = YES;
				CLANG_WARN_INFINITE_RECURSION = YES;
				CLANG_WARN_INT_CONVERSION = YES;
				CLANG_WARN_NON_LITERAL_NULL_CONVERSION = YES;
				CLANG_WARN_OBJC_IMPLICIT_RETAIN_SELF = YES;
				CLANG_WARN_OBJC_LITERAL_CONVERSION = YES;
				CLANG_WARN_OBJC_ROOT_CLASS = YES_ERROR;
				CLANG_WARN_RANGE_LOOP_ANALYSIS = YES;
				CLANG_WARN_STRICT_PROTOTYPES = YES;
				CLANG_WARN_SUSPICIOUS_MOVE = YES;
				CLANG_WARN_UNGUARDED_AVAILABILITY = YES_AGGRESSIVE;
				CLANG_WARN_UNREACHABLE_CODE = YES;
				CLANG_WARN__DUPLICATE_METHOD_MATCH = YES;
				CODE_SIGN_IDENTITY = "iPhone Developer";
				COPY_PHASE_STRIP = NO;
				DEBUG_INFORMATION_FORMAT = dwarf;
				ENABLE_STRICT_OBJC_MSGSEND = YES;
				ENABLE_TESTABILITY = YES;
				GCC_C_LANGUAGE_STANDARD = gnu11;
				GCC_DYNAMIC_NO_PIC = NO;
				GCC_NO_COMMON_BLOCKS = YES;
				GCC_OPTIMIZATION_LEVEL = 0;
				GCC_PREPROCESSOR_DEFINITIONS = (
					"DEBUG=1",
					"$(inherited)",
				);
				GCC_WARN_64_TO_32_BIT_CONVERSION = YES;
				GCC_WARN_ABOUT_RETURN_TYPE = YES_ERROR;
				GCC_WARN_UNDECLARED_SELECTOR = YES;
				GCC_WARN_UNINITIALIZED_AUTOS = YES_AGGRESSIVE;
				GCC_WARN_UNUSED_FUNCTION = YES;
				GCC_WARN_UNUSED_VARIABLE = YES;
				IPHONEOS_DEPLOYMENT_TARGET = 12.2;
				MTL_ENABLE_DEBUG_INFO = INCLUDE_SOURCE;
				MTL_FAST_MATH = YES;
				ONLY_ACTIVE_ARCH = YES;
				SDKROOT = iphoneos;
				SWIFT_ACTIVE_COMPILATION_CONDITIONS = DEBUG;
				SWIFT_OPTIMIZATION_LEVEL = "-Onone";
			};
			name = Debug;
		};
		BD4E86B322F0210600D08664 /* Release */ = {
			isa = XCBuildConfiguration;
			buildSettings = {
				ALWAYS_SEARCH_USER_PATHS = NO;
				CLANG_ANALYZER_NONNULL = YES;
				CLANG_ANALYZER_NUMBER_OBJECT_CONVERSION = YES_AGGRESSIVE;
				CLANG_CXX_LANGUAGE_STANDARD = "gnu++14";
				CLANG_CXX_LIBRARY = "libc++";
				CLANG_ENABLE_MODULES = YES;
				CLANG_ENABLE_OBJC_ARC = YES;
				CLANG_ENABLE_OBJC_WEAK = YES;
				CLANG_WARN_BLOCK_CAPTURE_AUTORELEASING = YES;
				CLANG_WARN_BOOL_CONVERSION = YES;
				CLANG_WARN_COMMA = YES;
				CLANG_WARN_CONSTANT_CONVERSION = YES;
				CLANG_WARN_DEPRECATED_OBJC_IMPLEMENTATIONS = YES;
				CLANG_WARN_DIRECT_OBJC_ISA_USAGE = YES_ERROR;
				CLANG_WARN_DOCUMENTATION_COMMENTS = YES;
				CLANG_WARN_EMPTY_BODY = YES;
				CLANG_WARN_ENUM_CONVERSION = YES;
				CLANG_WARN_INFINITE_RECURSION = YES;
				CLANG_WARN_INT_CONVERSION = YES;
				CLANG_WARN_NON_LITERAL_NULL_CONVERSION = YES;
				CLANG_WARN_OBJC_IMPLICIT_RETAIN_SELF = YES;
				CLANG_WARN_OBJC_LITERAL_CONVERSION = YES;
				CLANG_WARN_OBJC_ROOT_CLASS = YES_ERROR;
				CLANG_WARN_RANGE_LOOP_ANALYSIS = YES;
				CLANG_WARN_STRICT_PROTOTYPES = YES;
				CLANG_WARN_SUSPICIOUS_MOVE = YES;
				CLANG_WARN_UNGUARDED_AVAILABILITY = YES_AGGRESSIVE;
				CLANG_WARN_UNREACHABLE_CODE = YES;
				CLANG_WARN__DUPLICATE_METHOD_MATCH = YES;
				CODE_SIGN_IDENTITY = "iPhone Developer";
				COPY_PHASE_STRIP = NO;
				DEBUG_INFORMATION_FORMAT = "dwarf-with-dsym";
				ENABLE_NS_ASSERTIONS = NO;
				ENABLE_STRICT_OBJC_MSGSEND = YES;
				GCC_C_LANGUAGE_STANDARD = gnu11;
				GCC_NO_COMMON_BLOCKS = YES;
				GCC_WARN_64_TO_32_BIT_CONVERSION = YES;
				GCC_WARN_ABOUT_RETURN_TYPE = YES_ERROR;
				GCC_WARN_UNDECLARED_SELECTOR = YES;
				GCC_WARN_UNINITIALIZED_AUTOS = YES_AGGRESSIVE;
				GCC_WARN_UNUSED_FUNCTION = YES;
				GCC_WARN_UNUSED_VARIABLE = YES;
				IPHONEOS_DEPLOYMENT_TARGET = 12.2;
				MTL_ENABLE_DEBUG_INFO = NO;
				MTL_FAST_MATH = YES;
				SDKROOT = iphoneos;
				SWIFT_COMPILATION_MODE = wholemodule;
				SWIFT_OPTIMIZATION_LEVEL = "-O";
				VALIDATE_PRODUCT = YES;
			};
			name = Release;
		};
		BD4E86B522F0210600D08664 /* Debug */ = {
			isa = XCBuildConfiguration;
			buildSettings = {
				ASSETCATALOG_COMPILER_APPICON_NAME = AppIcon;
				CODE_SIGN_STYLE = Automatic;
				DEVELOPMENT_TEAM = CRG7HB2Y74;
				INFOPLIST_FILE = "Day 11 - Animate TableViewCell/Info.plist";
				LD_RUNPATH_SEARCH_PATHS = (
					"$(inherited)",
					"@executable_path/Frameworks",
				);
				PRODUCT_BUNDLE_IDENTIFIER = "gaoshilei.Day-11---Animate-TableViewCell";
				PRODUCT_NAME = "$(TARGET_NAME)";
				SWIFT_VERSION = 5.0;
				TARGETED_DEVICE_FAMILY = "1,2";
			};
			name = Debug;
		};
		BD4E86B622F0210600D08664 /* Release */ = {
			isa = XCBuildConfiguration;
			buildSettings = {
				ASSETCATALOG_COMPILER_APPICON_NAME = AppIcon;
				CODE_SIGN_STYLE = Automatic;
				DEVELOPMENT_TEAM = CRG7HB2Y74;
				INFOPLIST_FILE = "Day 11 - Animate TableViewCell/Info.plist";
				LD_RUNPATH_SEARCH_PATHS = (
					"$(inherited)",
					"@executable_path/Frameworks",
				);
				PRODUCT_BUNDLE_IDENTIFIER = "gaoshilei.Day-11---Animate-TableViewCell";
				PRODUCT_NAME = "$(TARGET_NAME)";
				SWIFT_VERSION = 5.0;
				TARGETED_DEVICE_FAMILY = "1,2";
			};
			name = Release;
		};
/* End XCBuildConfiguration section */

/* Begin XCConfigurationList section */
		BD4E869D22F0210500D08664 /* Build configuration list for PBXProject "Day 11 - Animate TableViewCell" */ = {
			isa = XCConfigurationList;
			buildConfigurations = (
				BD4E86B222F0210600D08664 /* Debug */,
				BD4E86B322F0210600D08664 /* Release */,
			);
			defaultConfigurationIsVisible = 0;
			defaultConfigurationName = Release;
		};
		BD4E86B422F0210600D08664 /* Build configuration list for PBXNativeTarget "Day 11 - Animate TableViewCell" */ = {
			isa = XCConfigurationList;
			buildConfigurations = (
				BD4E86B522F0210600D08664 /* Debug */,
				BD4E86B622F0210600D08664 /* Release */,
			);
			defaultConfigurationIsVisible = 0;
			defaultConfigurationName = Release;
		};
/* End XCConfigurationList section */
	};
	rootObject = BD4E869A22F0210500D08664 /* Project object */;
}
