// !$*UTF8*$!
{
	archiveVersion = 1;
	classes = {
	};
	objectVersion = 50;
	objects = {

/* Begin PBXBuildFile section */
		BD3ADFDC22E4AE3D0066583F /* Top Gun- Maverick - Official Trailer (2020) - Paramount Pictures.png in Resources */ = {isa = PBXBuildFile; fileRef = BD3ADFD722E4AE3D0066583F /* Top Gun- Maverick - Official Trailer (2020) - Paramount Pictures.png */; };
		BD3ADFDD22E4AE3D0066583F /* Jay Leno has the first look at the 2020 Chevrolet Corvette Stingray - Jay Leno's Garage.png in Resources */ = {isa = PBXBuildFile; fileRef = BD3ADFD822E4AE3D0066583F /* Jay Leno has the first look at the 2020 Chevrolet Corvette Stingray - Jay Leno's Garage.png */; };
		BD3ADFDE22E4AE3D0066583F /* The Walking Dead Season 10 Comic-Con Trailer.png in Resources */ = {isa = PBXBuildFile; fileRef = BD3ADFD922E4AE3D0066583F /* The Walking Dead Season 10 Comic-Con Trailer.png */; };
		BD3ADFDF22E4AE3D0066583F /* Sam Smith - How Do You Sleep? (Official Video).png in Resources */ = {isa = PBXBuildFile; fileRef = BD3ADFDA22E4AE3D0066583F /* Sam Smith - How Do You Sleep? (Official Video).png */; };
		BD3ADFE022E4AE3D0066583F /* Steven Universe The Movie | Official Trailer | Cartoon Network.png in Resources */ = {isa = PBXBuildFile; fileRef = BD3ADFDB22E4AE3D0066583F /* Steven Universe The Movie | Official Trailer | Cartoon Network.png */; };
		BDA1440422E4165100CB1A98 /* AppDelegate.swift in Sources */ = {isa = PBXBuildFile; fileRef = BDA1440322E4165100CB1A98 /* AppDelegate.swift */; };
		BDA1440622E4165100CB1A98 /* ViewController.swift in Sources */ = {isa = PBXBuildFile; fileRef = BDA1440522E4165100CB1A98 /* ViewController.swift */; };
		BDA1440922E4165100CB1A98 /* Main.storyboard in Resources */ = {isa = PBXBuildFile; fileRef = BDA1440722E4165100CB1A98 /* Main.storyboard */; };
		BDA1440B22E4165200CB1A98 /* Assets.xcassets in Resources */ = {isa = PBXBuildFile; fileRef = BDA1440A22E4165200CB1A98 /* Assets.xcassets */; };
		BDA1440E22E4165200CB1A98 /* LaunchScreen.storyboard in Resources */ = {isa = PBXBuildFile; fileRef = BDA1440C22E4165200CB1A98 /* LaunchScreen.storyboard */; };
		BDA1441622E4193800CB1A98 /* Steven Universe The Movie _ Official Trailer _ Cartoon Network.mp4 in Resources */ = {isa = PBXBuildFile; fileRef = BDA1441522E4165B00CB1A98 /* Steven Universe The Movie _ Official Trailer _ Cartoon Network.mp4 */; };
		BDA1441822E41EC100CB1A98 /* VideoCell.swift in Sources */ = {isa = PBXBuildFile; fileRef = BDA1441722E41EC100CB1A98 /* VideoCell.swift */; };
/* End PBXBuildFile section */

/* Begin PBXFileReference section */
		BD3ADFD722E4AE3D0066583F /* Top Gun- Maverick - Official Trailer (2020) - Paramount Pictures.png */ = {isa = PBXFileReference; lastKnownFileType = image.png; path = "Top Gun- Maverick - Official Trailer (2020) - Paramount Pictures.png"; sourceTree = "<group>"; };
		BD3ADFD822E4AE3D0066583F /* Jay Leno has the first look at the 2020 Chevrolet Corvette Stingray - Jay Leno's Garage.png */ = {isa = PBXFileReference; lastKnownFileType = image.png; path = "Jay Leno has the first look at the 2020 Chevrolet Corvette Stingray - Jay Leno's Garage.png"; sourceTree = "<group>"; };
		BD3ADFD922E4AE3D0066583F /* The Walking Dead Season 10 Comic-Con Trailer.png */ = {isa = PBXFileReference; lastKnownFileType = image.png; path = "The Walking Dead Season 10 Comic-Con Trailer.png"; sourceTree = "<group>"; };
		BD3ADFDA22E4AE3D0066583F /* Sam Smith - How Do You Sleep? (Official Video).png */ = {isa = PBXFileReference; lastKnownFileType = image.png; path = "Sam Smith - How Do You Sleep? (Official Video).png"; sourceTree = "<group>"; };
		BD3ADFDB22E4AE3D0066583F /* Steven Universe The Movie | Official Trailer | Cartoon Network.png */ = {isa = PBXFileReference; lastKnownFileType = image.png; path = "Steven Universe The Movie | Official Trailer | Cartoon Network.png"; sourceTree = "<group>"; };
		BDA1440022E4165100CB1A98 /* Day 5 - Play Local Video.app */ = {isa = PBXFileReference; explicitFileType = wrapper.application; includeInIndex = 0; path = "Day 5 - Play Local Video.app"; sourceTree = BUILT_PRODUCTS_DIR; };
		BDA1440322E4165100CB1A98 /* AppDelegate.swift */ = {isa = PBXFileReference; lastKnownFileType = sourcecode.swift; path = AppDelegate.swift; sourceTree = "<group>"; };
		BDA1440522E4165100CB1A98 /* ViewController.swift */ = {isa = PBXFileReference; lastKnownFileType = sourcecode.swift; path = ViewController.swift; sourceTree = "<group>"; };
		BDA1440822E4165100CB1A98 /* Base */ = {isa = PBXFileReference; lastKnownFileType = file.storyboard; name = Base; path = Base.lproj/Main.storyboard; sourceTree = "<group>"; };
		BDA1440A22E4165200CB1A98 /* Assets.xcassets */ = {isa = PBXFileReference; lastKnownFileType = folder.assetcatalog; path = Assets.xcassets; sourceTree = "<group>"; };
		BDA1440D22E4165200CB1A98 /* Base */ = {isa = PBXFileReference; lastKnownFileType = file.storyboard; name = Base; path = Base.lproj/LaunchScreen.storyboard; sourceTree = "<group>"; };
		BDA1440F22E4165200CB1A98 /* Info.plist */ = {isa = PBXFileReference; lastKnownFileType = text.plist.xml; path = Info.plist; sourceTree = "<group>"; };
		BDA1441522E4165B00CB1A98 /* Steven Universe The Movie _ Official Trailer _ Cartoon Network.mp4 */ = {isa = PBXFileReference; lastKnownFileType = file; path = "Steven Universe The Movie _ Official Trailer _ Cartoon Network.mp4"; sourceTree = "<group>"; };
		BDA1441722E41EC100CB1A98 /* VideoCell.swift */ = {isa = PBXFileReference; lastKnownFileType = sourcecode.swift; path = VideoCell.swift; sourceTree = "<group>"; };
/* End PBXFileReference section */

/* Begin PBXFrameworksBuildPhase section */
		BDA143FD22E4165100CB1A98 /* Frameworks */ = {
			isa = PBXFrameworksBuildPhase;
			buildActionMask = 2147483647;
			files = (
			);
			runOnlyForDeploymentPostprocessing = 0;
		};
/* End PBXFrameworksBuildPhase section */

/* Begin PBXGroup section */
		BD3ADFD622E4AE2B0066583F /* resource */ = {
			isa = PBXGroup;
			children = (
				BD3ADFD822E4AE3D0066583F /* Jay Leno has the first look at the 2020 Chevrolet Corvette Stingray - Jay Leno's Garage.png */,
				BD3ADFDA22E4AE3D0066583F /* Sam Smith - How Do You Sleep? (Official Video).png */,
				BD3ADFDB22E4AE3D0066583F /* Steven Universe The Movie | Official Trailer | Cartoon Network.png */,
				BD3ADFD922E4AE3D0066583F /* The Walking Dead Season 10 Comic-Con Trailer.png */,
				BD3ADFD722E4AE3D0066583F /* Top Gun- Maverick - Official Trailer (2020) - Paramount Pictures.png */,
			);
			path = resource;
			sourceTree = "<group>";
		};
		BDA143F722E4165100CB1A98 = {
			isa = PBXGroup;
			children = (
				BDA1440222E4165100CB1A98 /* Day 5 - Play Local Video */,
				BDA1440122E4165100CB1A98 /* Products */,
			);
			sourceTree = "<group>";
		};
		BDA1440122E4165100CB1A98 /* Products */ = {
			isa = PBXGroup;
			children = (
				BDA1440022E4165100CB1A98 /* Day 5 - Play Local Video.app */,
			);
			name = Products;
			sourceTree = "<group>";
		};
		BDA1440222E4165100CB1A98 /* Day 5 - Play Local Video */ = {
			isa = PBXGroup;
			children = (
				BD3ADFD622E4AE2B0066583F /* resource */,
				BDA1440322E4165100CB1A98 /* AppDelegate.swift */,
				BDA1440522E4165100CB1A98 /* ViewController.swift */,
				BDA1441722E41EC100CB1A98 /* VideoCell.swift */,
				BDA1440722E4165100CB1A98 /* Main.storyboard */,
				BDA1441522E4165B00CB1A98 /* Steven Universe The Movie _ Official Trailer _ Cartoon Network.mp4 */,
				BDA1440A22E4165200CB1A98 /* Assets.xcassets */,
				BDA1440C22E4165200CB1A98 /* LaunchScreen.storyboard */,
				BDA1440F22E4165200CB1A98 /* Info.plist */,
			);
			path = "Day 5 - Play Local Video";
			sourceTree = "<group>";
		};
/* End PBXGroup section */

/* Begin PBXNativeTarget section */
		BDA143FF22E4165100CB1A98 /* Day 5 - Play Local Video */ = {
			isa = PBXNativeTarget;
			buildConfigurationList = BDA1441222E4165200CB1A98 /* Build configuration list for PBXNativeTarget "Day 5 - Play Local Video" */;
			buildPhases = (
				BDA143FC22E4165100CB1A98 /* Sources */,
				BDA143FD22E4165100CB1A98 /* Frameworks */,
				BDA143FE22E4165100CB1A98 /* Resources */,
			);
			buildRules = (
			);
			dependencies = (
			);
			name = "Day 5 - Play Local Video";
			productName = "Day 5 - Play Local Video";
			productReference = BDA1440022E4165100CB1A98 /* Day 5 - Play Local Video.app */;
			productType = "com.apple.product-type.application";
		};
/* End PBXNativeTarget section */

/* Begin PBXProject section */
		BDA143F822E4165100CB1A98 /* Project object */ = {
			isa = PBXProject;
			attributes = {
				LastSwiftUpdateCheck = 1020;
				LastUpgradeCheck = 1020;
				ORGANIZATIONNAME = gaoshilei;
				TargetAttributes = {
					BDA143FF22E4165100CB1A98 = {
						CreatedOnToolsVersion = 10.2.1;
					};
				};
			};
			buildConfigurationList = BDA143FB22E4165100CB1A98 /* Build configuration list for PBXProject "Day 5 - Play Local Video" */;
			compatibilityVersion = "Xcode 9.3";
			developmentRegion = en;
			hasScannedForEncodings = 0;
			knownRegions = (
				en,
				Base,
			);
			mainGroup = BDA143F722E4165100CB1A98;
			productRefGroup = BDA1440122E4165100CB1A98 /* Products */;
			projectDirPath = "";
			projectRoot = "";
			targets = (
				BDA143FF22E4165100CB1A98 /* Day 5 - Play Local Video */,
			);
		};
/* End PBXProject section */

/* Begin PBXResourcesBuildPhase section */
		BDA143FE22E4165100CB1A98 /* Resources */ = {
			isa = PBXResourcesBuildPhase;
			buildActionMask = 2147483647;
			files = (
				BDA1441622E4193800CB1A98 /* Steven Universe The Movie _ Official Trailer _ Cartoon Network.mp4 in Resources */,
				BD3ADFE022E4AE3D0066583F /* Steven Universe The Movie | Official Trailer | Cartoon Network.png in Resources */,
				BD3ADFDD22E4AE3D0066583F /* Jay Leno has the first look at the 2020 Chevrolet Corvette Stingray - Jay Leno's Garage.png in Resources */,
				BD3ADFDE22E4AE3D0066583F /* The Walking Dead Season 10 Comic-Con Trailer.png in Resources */,
				BDA1440E22E4165200CB1A98 /* LaunchScreen.storyboard in Resources */,
				BD3ADFDC22E4AE3D0066583F /* Top Gun- Maverick - Official Trailer (2020) - Paramount Pictures.png in Resources */,
				BD3ADFDF22E4AE3D0066583F /* Sam Smith - How Do You Sleep? (Official Video).png in Resources */,
				BDA1440B22E4165200CB1A98 /* Assets.xcassets in Resources */,
				BDA1440922E4165100CB1A98 /* Main.storyboard in Resources */,
			);
			runOnlyForDeploymentPostprocessing = 0;
		};
/* End PBXResourcesBuildPhase section */

/* Begin PBXSourcesBuildPhase section */
		BDA143FC22E4165100CB1A98 /* Sources */ = {
			isa = PBXSourcesBuildPhase;
			buildActionMask = 2147483647;
			files = (
				BDA1440622E4165100CB1A98 /* ViewController.swift in Sources */,
				BDA1440422E4165100CB1A98 /* AppDelegate.swift in Sources */,
				BDA1441822E41EC100CB1A98 /* VideoCell.swift in Sources */,
			);
			runOnlyForDeploymentPostprocessing = 0;
		};
/* End PBXSourcesBuildPhase section */

/* Begin PBXVariantGroup section */
		BDA1440722E4165100CB1A98 /* Main.storyboard */ = {
			isa = PBXVariantGroup;
			children = (
				BDA1440822E4165100CB1A98 /* Base */,
			);
			name = Main.storyboard;
			sourceTree = "<group>";
		};
		BDA1440C22E4165200CB1A98 /* LaunchScreen.storyboard */ = {
			isa = PBXVariantGroup;
			children = (
				BDA1440D22E4165200CB1A98 /* Base */,
			);
			name = LaunchScreen.storyboard;
			sourceTree = "<group>";
		};
/* End PBXVariantGroup section */

/* Begin XCBuildConfiguration section */
		BDA1441022E4165200CB1A98 /* Debug */ = {
			isa = XCBuildConfiguration;
			buildSettings = {
				ALWAYS_SEARCH_USER_PATHS = NO;
				CLANG_ANALYZER_NONNULL = YES;
				CLANG_ANALYZER_NUMBER_OBJECT_CONVERSION = YES_AGGRESSIVE;
				CLANG_CXX_LANGUAGE_STANDARD = "gnu++14";
				CLANG_CXX_LIBRARY = "libc++";
				CLANG_ENABLE_MODULES = YES;
				CLANG_ENABLE_OBJC_ARC = YES;
				CLANG_ENABLE_OBJC_WEAK = YES;
				CLANG_WARN_BLOCK_CAPTURE_AUTORELEASING = YES;
				CLANG_WARN_BOOL_CONVERSION = YES;
				CLANG_WARN_COMMA = YES;
				CLANG_WARN_CONSTANT_CONVERSION = YES;
				CLANG_WARN_DEPRECATED_OBJC_IMPLEMENTATIONS = YES;
				CLANG_WARN_DIRECT_OBJC_ISA_USAGE = YES_ERROR;
				CLANG_WARN_DOCUMENTATION_COMMENTS = YES;
				CLANG_WARN_EMPTY_BODY = YES;
				CLANG_WARN_ENUM_CONVERSION = YES;
				CLANG_WARN_INFINITE_RECURSION = YES;
				CLANG_WARN_INT_CONVERSION = YES;
				CLANG_WARN_NON_LITERAL_NULL_CONVERSION = YES;
				CLANG_WARN_OBJC_IMPLICIT_RETAIN_SELF = YES;
				CLANG_WARN_OBJC_LITERAL_CONVERSION = YES;
				CLANG_WARN_OBJC_ROOT_CLASS = YES_ERROR;
				CLANG_WARN_RANGE_LOOP_ANALYSIS = YES;
				CLANG_WARN_STRICT_PROTOTYPES = YES;
				CLANG_WARN_SUSPICIOUS_MOVE = YES;
				CLANG_WARN_UNGUARDED_AVAILABILITY = YES_AGGRESSIVE;
				CLANG_WARN_UNREACHABLE_CODE = YES;
				CLANG_WARN__DUPLICATE_METHOD_MATCH = YES;
				CODE_SIGN_IDENTITY = "iPhone Developer";
				COPY_PHASE_STRIP = NO;
				DEBUG_INFORMATION_FORMAT = dwarf;
				ENABLE_STRICT_OBJC_MSGSEND = YES;
				ENABLE_TESTABILITY = YES;
				GCC_C_LANGUAGE_STANDARD = gnu11;
				GCC_DYNAMIC_NO_PIC = NO;
				GCC_NO_COMMON_BLOCKS = YES;
				GCC_OPTIMIZATION_LEVEL = 0;
				GCC_PREPROCESSOR_DEFINITIONS = (
					"DEBUG=1",
					"$(inherited)",
				);
				GCC_WARN_64_TO_32_BIT_CONVERSION = YES;
				GCC_WARN_ABOUT_RETURN_TYPE = YES_ERROR;
				GCC_WARN_UNDECLARED_SELECTOR = YES;
				GCC_WARN_UNINITIALIZED_AUTOS = YES_AGGRESSIVE;
				GCC_WARN_UNUSED_FUNCTION = YES;
				GCC_WARN_UNUSED_VARIABLE = YES;
				IPHONEOS_DEPLOYMENT_TARGET = 12.2;
				MTL_ENABLE_DEBUG_INFO = INCLUDE_SOURCE;
				MTL_FAST_MATH = YES;
				ONLY_ACTIVE_ARCH = YES;
				SDKROOT = iphoneos;
				SWIFT_ACTIVE_COMPILATION_CONDITIONS = DEBUG;
				SWIFT_OPTIMIZATION_LEVEL = "-Onone";
			};
			name = Debug;
		};
		BDA1441122E4165200CB1A98 /* Release */ = {
			isa = XCBuildConfiguration;
			buildSettings = {
				ALWAYS_SEARCH_USER_PATHS = NO;
				CLANG_ANALYZER_NONNULL = YES;
				CLANG_ANALYZER_NUMBER_OBJECT_CONVERSION = YES_AGGRESSIVE;
				CLANG_CXX_LANGUAGE_STANDARD = "gnu++14";
				CLANG_CXX_LIBRARY = "libc++";
				CLANG_ENABLE_MODULES = YES;
				CLANG_ENABLE_OBJC_ARC = YES;
				CLANG_ENABLE_OBJC_WEAK = YES;
				CLANG_WARN_BLOCK_CAPTURE_AUTORELEASING = YES;
				CLANG_WARN_BOOL_CONVERSION = YES;
				CLANG_WARN_COMMA = YES;
				CLANG_WARN_CONSTANT_CONVERSION = YES;
				CLANG_WARN_DEPRECATED_OBJC_IMPLEMENTATIONS = YES;
				CLANG_WARN_DIRECT_OBJC_ISA_USAGE = YES_ERROR;
				CLANG_WARN_DOCUMENTATION_COMMENTS = YES;
				CLANG_WARN_EMPTY_BODY = YES;
				CLANG_WARN_ENUM_CONVERSION = YES;
				CLANG_WARN_INFINITE_RECURSION = YES;
				CLANG_WARN_INT_CONVERSION = YES;
				CLANG_WARN_NON_LITERAL_NULL_CONVERSION = YES;
				CLANG_WARN_OBJC_IMPLICIT_RETAIN_SELF = YES;
				CLANG_WARN_OBJC_LITERAL_CONVERSION = YES;
				CLANG_WARN_OBJC_ROOT_CLASS = YES_ERROR;
				CLANG_WARN_RANGE_LOOP_ANALYSIS = YES;
				CLANG_WARN_STRICT_PROTOTYPES = YES;
				CLANG_WARN_SUSPICIOUS_MOVE = YES;
				CLANG_WARN_UNGUARDED_AVAILABILITY = YES_AGGRESSIVE;
				CLANG_WARN_UNREACHABLE_CODE = YES;
				CLANG_WARN__DUPLICATE_METHOD_MATCH = YES;
				CODE_SIGN_IDENTITY = "iPhone Developer";
				COPY_PHASE_STRIP = NO;
				DEBUG_INFORMATION_FORMAT = "dwarf-with-dsym";
				ENABLE_NS_ASSERTIONS = NO;
				ENABLE_STRICT_OBJC_MSGSEND = YES;
				GCC_C_LANGUAGE_STANDARD = gnu11;
				GCC_NO_COMMON_BLOCKS = YES;
				GCC_WARN_64_TO_32_BIT_CONVERSION = YES;
				GCC_WARN_ABOUT_RETURN_TYPE = YES_ERROR;
				GCC_WARN_UNDECLARED_SELECTOR = YES;
				GCC_WARN_UNINITIALIZED_AUTOS = YES_AGGRESSIVE;
				GCC_WARN_UNUSED_FUNCTION = YES;
				GCC_WARN_UNUSED_VARIABLE = YES;
				IPHONEOS_DEPLOYMENT_TARGET = 12.2;
				MTL_ENABLE_DEBUG_INFO = NO;
				MTL_FAST_MATH = YES;
				SDKROOT = iphoneos;
				SWIFT_COMPILATION_MODE = wholemodule;
				SWIFT_OPTIMIZATION_LEVEL = "-O";
				VALIDATE_PRODUCT = YES;
			};
			name = Release;
		};
		BDA1441322E4165200CB1A98 /* Debug */ = {
			isa = XCBuildConfiguration;
			buildSettings = {
				ASSETCATALOG_COMPILER_APPICON_NAME = AppIcon;
				CODE_SIGN_STYLE = Automatic;
				DEVELOPMENT_TEAM = XL6E9K2MQ5;
				INFOPLIST_FILE = "Day 5 - Play Local Video/Info.plist";
				LD_RUNPATH_SEARCH_PATHS = (
					"$(inherited)",
					"@executable_path/Frameworks",
				);
				PRODUCT_BUNDLE_IDENTIFIER = "gaoshilei.Day-5---Play-Local-Video";
				PRODUCT_NAME = "$(TARGET_NAME)";
				SWIFT_VERSION = 5.0;
				TARGETED_DEVICE_FAMILY = "1,2";
			};
			name = Debug;
		};
		BDA1441422E4165200CB1A98 /* Release */ = {
			isa = XCBuildConfiguration;
			buildSettings = {
				ASSETCATALOG_COMPILER_APPICON_NAME = AppIcon;
				CODE_SIGN_STYLE = Automatic;
				DEVELOPMENT_TEAM = XL6E9K2MQ5;
				INFOPLIST_FILE = "Day 5 - Play Local Video/Info.plist";
				LD_RUNPATH_SEARCH_PATHS = (
					"$(inherited)",
					"@executable_path/Frameworks",
				);
				PRODUCT_BUNDLE_IDENTIFIER = "gaoshilei.Day-5---Play-Local-Video";
				PRODUCT_NAME = "$(TARGET_NAME)";
				SWIFT_VERSION = 5.0;
				TARGETED_DEVICE_FAMILY = "1,2";
			};
			name = Release;
		};
/* End XCBuildConfiguration section */

/* Begin XCConfigurationList section */
		BDA143FB22E4165100CB1A98 /* Build configuration list for PBXProject "Day 5 - Play Local Video" */ = {
			isa = XCConfigurationList;
			buildConfigurations = (
				BDA1441022E4165200CB1A98 /* Debug */,
				BDA1441122E4165200CB1A98 /* Release */,
			);
			defaultConfigurationIsVisible = 0;
			defaultConfigurationName = Release;
		};
		BDA1441222E4165200CB1A98 /* Build configuration list for PBXNativeTarget "Day 5 - Play Local Video" */ = {
			isa = XCConfigurationList;
			buildConfigurations = (
				BDA1441322E4165200CB1A98 /* Debug */,
				BDA1441422E4165200CB1A98 /* Release */,
			);
			defaultConfigurationIsVisible = 0;
			defaultConfigurationName = Release;
		};
/* End XCConfigurationList section */
	};
	rootObject = BDA143F822E4165100CB1A98 /* Project object */;
}
